Microsoft Visual Studio Solution File, Format Version 13.00
# Visual Studio 2013
Project("{8BC9CEB8-8B4A-11D0-8D11-00A0C91BC942}") = "edf", "edf.vcxproj", "{49A126A0-5B78-EDEB-9D6E-7D5D92C15F42}"
EndProject
Global
	GlobalSection(SolutionConfigurationPlatforms) = preSolution
		Default|Win32 = Default|Win32
	EndGlobalSection
	GlobalSection(ProjectConfigurationPlatforms) = postSolution
		{49A126A0-5B78-EDEB-9D6E-7D5D92C15F42}.Default|Win32.ActiveCfg = Default|Win32
		{49A126A0-5B78-EDEB-9D6E-7D5D92C15F42}.Default|Win32.Build.0 = Default|Win32
	EndGlobalSection
	GlobalSection(SolutionProperties) = preSolution
		HideSolutionNode = FALSE
	EndGlobalSection
EndGlobal
